
Microsoft Visual Studio Solution File, Format Version 12.00
# Visual Studio 15
VisualStudioVersion = 15.0.27703.2035
MinimumVisualStudioVersion = 10.0.40219.1
Project("{FAE04EC0-301F-11D3-BF4B-00C04F79EFBC}") = "DependencyGraph", "DependencyGraph\DependencyGraph.csproj", "{4D8B6C0B-6EB9-49C1-9EC9-31D55978B207}"
EndProject
Project("{FAE04EC0-301F-11D3-BF4B-00C04F79EFBC}") = "DevelopmentTests", "DevelopmentTests\DevelopmentTests.csproj", "{D74CC678-2345-4FC0-9312-9B7E00179C41}"
EndProject
Global
	GlobalSection(SolutionConfigurationPlatforms) = preSolution
		Debug|Any CPU = Debug|Any CPU
		Release|Any CPU = Release|Any CPU
	EndGlobalSection
	GlobalSection(ProjectConfigurationPlatforms) = postSolution
		{4D8B6C0B-6EB9-49C1-9EC9-31D55978B207}.Debug|Any CPU.ActiveCfg = Debug|Any CPU
		{4D8B6C0B-6EB9-49C1-9EC9-31D55978B207}.Debug|Any CPU.Build.0 = Debug|Any CPU
		{4D8B6C0B-6EB9-49C1-9EC9-31D55978B207}.Release|Any CPU.ActiveCfg = Release|Any CPU
		{4D8B6C0B-6EB9-49C1-9EC9-31D55978B207}.Release|Any CPU.Build.0 = Release|Any CPU
		{D74CC678-2345-4FC0-9312-9B7E00179C41}.Debug|Any CPU.ActiveCfg = Debug|Any CPU
		{D74CC678-2345-4FC0-9312-9B7E00179C41}.Debug|Any CPU.Build.0 = Debug|Any CPU
		{D74CC678-2345-4FC0-9312-9B7E00179C41}.Release|Any CPU.ActiveCfg = Release|Any CPU
		{D74CC678-2345-4FC0-9312-9B7E00179C41}.Release|Any CPU.Build.0 = Release|Any CPU
	EndGlobalSection
	GlobalSection(SolutionProperties) = preSolution
		HideSolutionNode = FALSE
	EndGlobalSection
	GlobalSection(ExtensibilityGlobals) = postSolution
		SolutionGuid = {F4017135-3E93-44CD-8499-E6CD80090360}
	EndGlobalSection
EndGlobal
