
Microsoft Visual Studio Solution File, Format Version 12.00
# Visual Studio 15
VisualStudioVersion = 15.0.27703.2035
MinimumVisualStudioVersion = 10.0.40219.1
Project("{FAE04EC0-301F-11D3-BF4B-00C04F79EFBC}") = "PS3", "PS3\PS3.csproj", "{FDD7DCEF-805D-48B9-BD86-C7ED2F2163AB}"
EndProject
Project("{FAE04EC0-301F-11D3-BF4B-00C04F79EFBC}") = "ExpressionTests", "FormulaClassTests\ExpressionTests.csproj", "{A7CEB066-8B9F-49AF-B853-6564E7AF3CD3}"
EndProject
Project("{FAE04EC0-301F-11D3-BF4B-00C04F79EFBC}") = "EvaluationTests", "EvaluationTests\EvaluationTests.csproj", "{1A649316-A746-4997-964D-8B0CAA23F3E9}"
EndProject
Project("{FAE04EC0-301F-11D3-BF4B-00C04F79EFBC}") = "OtherTests", "OtherTests\OtherTests.csproj", "{1ACDB4F4-EC5E-421D-BBB2-8219E660D1FD}"
EndProject
Global
	GlobalSection(SolutionConfigurationPlatforms) = preSolution
		Debug|Any CPU = Debug|Any CPU
		Release|Any CPU = Release|Any CPU
	EndGlobalSection
	GlobalSection(ProjectConfigurationPlatforms) = postSolution
		{FDD7DCEF-805D-48B9-BD86-C7ED2F2163AB}.Debug|Any CPU.ActiveCfg = Debug|Any CPU
		{FDD7DCEF-805D-48B9-BD86-C7ED2F2163AB}.Debug|Any CPU.Build.0 = Debug|Any CPU
		{FDD7DCEF-805D-48B9-BD86-C7ED2F2163AB}.Release|Any CPU.ActiveCfg = Release|Any CPU
		{FDD7DCEF-805D-48B9-BD86-C7ED2F2163AB}.Release|Any CPU.Build.0 = Release|Any CPU
		{A7CEB066-8B9F-49AF-B853-6564E7AF3CD3}.Debug|Any CPU.ActiveCfg = Debug|Any CPU
		{A7CEB066-8B9F-49AF-B853-6564E7AF3CD3}.Debug|Any CPU.Build.0 = Debug|Any CPU
		{A7CEB066-8B9F-49AF-B853-6564E7AF3CD3}.Release|Any CPU.ActiveCfg = Release|Any CPU
		{A7CEB066-8B9F-49AF-B853-6564E7AF3CD3}.Release|Any CPU.Build.0 = Release|Any CPU
		{1A649316-A746-4997-964D-8B0CAA23F3E9}.Debug|Any CPU.ActiveCfg = Debug|Any CPU
		{1A649316-A746-4997-964D-8B0CAA23F3E9}.Debug|Any CPU.Build.0 = Debug|Any CPU
		{1A649316-A746-4997-964D-8B0CAA23F3E9}.Release|Any CPU.ActiveCfg = Release|Any CPU
		{1A649316-A746-4997-964D-8B0CAA23F3E9}.Release|Any CPU.Build.0 = Release|Any CPU
		{1ACDB4F4-EC5E-421D-BBB2-8219E660D1FD}.Debug|Any CPU.ActiveCfg = Debug|Any CPU
		{1ACDB4F4-EC5E-421D-BBB2-8219E660D1FD}.Debug|Any CPU.Build.0 = Debug|Any CPU
		{1ACDB4F4-EC5E-421D-BBB2-8219E660D1FD}.Release|Any CPU.ActiveCfg = Release|Any CPU
		{1ACDB4F4-EC5E-421D-BBB2-8219E660D1FD}.Release|Any CPU.Build.0 = Release|Any CPU
	EndGlobalSection
	GlobalSection(SolutionProperties) = preSolution
		HideSolutionNode = FALSE
	EndGlobalSection
	GlobalSection(ExtensibilityGlobals) = postSolution
		SolutionGuid = {78A4D496-D744-4629-B1A3-7C7D8B2AA57D}
	EndGlobalSection
EndGlobal
