
Microsoft Visual Studio Solution File, Format Version 12.00
# Visual Studio 15
VisualStudioVersion = 15.0.28010.2003
MinimumVisualStudioVersion = 10.0.40219.1
Project("{FAE04EC0-301F-11D3-BF4B-00C04F79EFBC}") = "FormulaEvaluator", "FormulaEvaluator\FormulaEvaluator.csproj", "{E8DD127E-66F4-4DA9-8BF9-0A8340EEF839}"
EndProject
Project("{FAE04EC0-301F-11D3-BF4B-00C04F79EFBC}") = "PS1-Console App", "PS1-Console App\PS1-Console App.csproj", "{E28036FD-B84D-4AFA-A3E2-C6F13DBAC6B6}"
EndProject
Project("{FAE04EC0-301F-11D3-BF4B-00C04F79EFBC}") = "FormulaEvaluatorTest", "FormulaEvaluatorTest\FormulaEvaluatorTest.csproj", "{6C32FF41-0F87-49D7-934D-14EC7C527713}"
EndProject
Project("{FAE04EC0-301F-11D3-BF4B-00C04F79EFBC}") = "FinalTests", "FinalTests\FinalTests.csproj", "{2E11C3D9-3153-46B5-9D27-A1C5AFB1C789}"
EndProject
Global
	GlobalSection(SolutionConfigurationPlatforms) = preSolution
		Debug|Any CPU = Debug|Any CPU
		Release|Any CPU = Release|Any CPU
	EndGlobalSection
	GlobalSection(ProjectConfigurationPlatforms) = postSolution
		{E8DD127E-66F4-4DA9-8BF9-0A8340EEF839}.Debug|Any CPU.ActiveCfg = Debug|Any CPU
		{E8DD127E-66F4-4DA9-8BF9-0A8340EEF839}.Debug|Any CPU.Build.0 = Debug|Any CPU
		{E8DD127E-66F4-4DA9-8BF9-0A8340EEF839}.Release|Any CPU.ActiveCfg = Release|Any CPU
		{E8DD127E-66F4-4DA9-8BF9-0A8340EEF839}.Release|Any CPU.Build.0 = Release|Any CPU
		{E28036FD-B84D-4AFA-A3E2-C6F13DBAC6B6}.Debug|Any CPU.ActiveCfg = Debug|Any CPU
		{E28036FD-B84D-4AFA-A3E2-C6F13DBAC6B6}.Debug|Any CPU.Build.0 = Debug|Any CPU
		{E28036FD-B84D-4AFA-A3E2-C6F13DBAC6B6}.Release|Any CPU.ActiveCfg = Release|Any CPU
		{E28036FD-B84D-4AFA-A3E2-C6F13DBAC6B6}.Release|Any CPU.Build.0 = Release|Any CPU
		{6C32FF41-0F87-49D7-934D-14EC7C527713}.Debug|Any CPU.ActiveCfg = Debug|Any CPU
		{6C32FF41-0F87-49D7-934D-14EC7C527713}.Debug|Any CPU.Build.0 = Debug|Any CPU
		{6C32FF41-0F87-49D7-934D-14EC7C527713}.Release|Any CPU.ActiveCfg = Release|Any CPU
		{6C32FF41-0F87-49D7-934D-14EC7C527713}.Release|Any CPU.Build.0 = Release|Any CPU
		{2E11C3D9-3153-46B5-9D27-A1C5AFB1C789}.Debug|Any CPU.ActiveCfg = Debug|Any CPU
		{2E11C3D9-3153-46B5-9D27-A1C5AFB1C789}.Debug|Any CPU.Build.0 = Debug|Any CPU
		{2E11C3D9-3153-46B5-9D27-A1C5AFB1C789}.Release|Any CPU.ActiveCfg = Release|Any CPU
		{2E11C3D9-3153-46B5-9D27-A1C5AFB1C789}.Release|Any CPU.Build.0 = Release|Any CPU
	EndGlobalSection
	GlobalSection(SolutionProperties) = preSolution
		HideSolutionNode = FALSE
	EndGlobalSection
	GlobalSection(ExtensibilityGlobals) = postSolution
		SolutionGuid = {B1A1FEDD-8167-4A45-A726-1DC650D4A087}
	EndGlobalSection
EndGlobal
